{
  "name": "dbpa-control-gui",
  "version": "0.0.0",
  "lockfileVersion": 1,
  "requires": true,
  "dependencies": {
    "@angular/animations": {
      "version": "7.0.0",
      "resolved": "https://registry.npmjs.org/@angular/animations/-/animations-7.0.0.tgz",
      "integrity": "sha512-IYdryQXdYfPvhJpExLSAr0o9rlUeyVS++a6h/sjqN1dkUt/yJBHLRreuHx8Udvlj2nH70raHJgevk8FwhAkTdA==",
      "requires": {
        "tslib": "1.9.0"
      }
    },
    "@angular/cdk": {
      "version": "7.0.0",
      "resolved": "https://registry.npmjs.org/@angular/cdk/-/cdk-7.0.0.tgz",
      "integrity": "sha512-HX+gIJzST/Nu07ASg1XR583KSEmHI6kUbiSBdq0LqF3mIQgId5z3auBqQcXAgvB0Cg29+/38aj31hnoK/LswEQ==",
      "requires": {
        "parse5": "5.1.0",
        "tslib": "1.9.0"
      }
    },
    "@angular/common": {
      "version": "7.0.0",
      "resolved": "https://registry.npmjs.org/@angular/common/-/common-7.0.0.tgz",
      "integrity": "sha512-jp6MA6EOq/a1m+F0c1aZC345pAYYYFpN1m7GMM91JlqkjzJMhyYVk+Bod9xQOEWadcpY+RFudG+jRsPCMO8bvQ==",
      "requires": {
        "tslib": "1.9.0"
      }
    },
    "@angular/compiler": {
      "version": "7.0.0",
      "resolved": "https://registry.npmjs.org/@angular/compiler/-/compiler-7.0.0.tgz",
      "integrity": "sha512-4fkohfGyG1BEpeYenOartuJmduyZ/R3XQx46hDDiR/9A8/Go4qLGkgr9Bd/JL/gPIR1XAHH9D5ii2sh+28ZEmA==",
      "requires": {
        "tslib": "1.9.0"
      }
    },
    "@angular/core": {
      "version": "7.0.0",
      "resolved": "https://registry.npmjs.org/@angular/core/-/core-7.0.0.tgz",
      "integrity": "sha512-DjVyWNGBWKEeBvxeXy8FGBNlnr/W/tNygOZEd6/uCktcXTG4DNyNQrWuNZUKEpr7RuIT3YVMj+UNwgTq0jB/9g==",
      "requires": {
        "tslib": "1.9.0"
      }
    },
    "@angular/forms": {
      "version": "7.0.0",
      "resolved": "https://registry.npmjs.org/@angular/forms/-/forms-7.0.0.tgz",
      "integrity": "sha512-rTg1UHq9gHR6zY3Kkip1KCm/YTck/rlR8CvVFIMwF0bdQxUCT51SXVn58nXts9yDaieABcGaQHNkQn1mARslgw==",
      "requires": {
        "tslib": "1.9.0"
      }
    },
    "@angular/http": {
      "version": "7.0.0",
      "resolved": "https://registry.npmjs.org/@angular/http/-/http-7.0.0.tgz",
      "integrity": "sha512-gHMVKosbhXu+2sXccR1fnKpaJBtZioneW+jpG6CW3oo6f4L5FXnGGx/lqYLsgKFM8yHiOs6OXqvuHh8wYEjayA==",
      "requires": {
        "tslib": "1.9.0"
      }
    },
    "@angular/material": {
      "version": "7.0.0",
      "resolved": "https://registry.npmjs.org/@angular/material/-/material-7.0.0.tgz",
      "integrity": "sha512-HgHzHWsUvNiSpRmoOJqnH/TVb4Ki7sXxbWuw5OVKOKiBW6Gwvd29+cP4XauzH47wHMyvS9/HH8kj3gC72pLhJQ==",
      "requires": {
        "tslib": "1.9.0"
      }
    },
    "@angular/platform-browser": {
      "version": "7.0.0",
      "resolved": "https://registry.npmjs.org/@angular/platform-browser/-/platform-browser-7.0.0.tgz",
      "integrity": "sha512-XyvL30d6meJ+SXlOmdR+sxoLdSvkQdmVNvpdvUzAHC/EqwA/byg4V3bTe5lpZmypclgFCjkGoTsz6uOnnwlQhw==",
      "requires": {
        "tslib": "1.9.0"
      }
    },
    "@angular/platform-browser-dynamic": {
      "version": "7.0.0",
      "resolved": "https://registry.npmjs.org/@angular/platform-browser-dynamic/-/platform-browser-dynamic-7.0.0.tgz",
      "integrity": "sha512-lH2KuH+Em1y/mTOE6yTJmsOxYkMbYKzKLP9gYzc9vZu3er1df6Jx6jxefeBmAr9v+kNCLnpnHWHz2y4GzAesJA==",
      "requires": {
        "tslib": "1.9.0"
      }
    },
    "@angular/router": {
      "version": "7.0.0",
      "resolved": "https://registry.npmjs.org/@angular/router/-/router-7.0.0.tgz",
      "integrity": "sha512-BK6Ho/7ckldFKc724piuPuMX0HPYXD8SUfwNj6yc0wgzDxdWzSmZj/xPEYll2pGNIA9x8Tg1NQKCD+kp1WXngw==",
      "requires": {
        "tslib": "1.9.0"
      }
    },
    "@types/jasmine": {
      "version": "2.8.9",
      "resolved": "https://registry.npmjs.org/@types/jasmine/-/jasmine-2.8.9.tgz",
      "integrity": "sha512-8dPZwjosElZOGGYw1nwTvOEMof4gjwAWNFS93nBI091BoEfd5drnHOLRMiRF/LOPuMTn5LgEdv0bTUO8QFVuHQ==",
      "dev": true
    },
    "@types/jasminewd2": {
      "version": "2.0.5",
      "resolved": "https://registry.npmjs.org/@types/jasminewd2/-/jasminewd2-2.0.5.tgz",
      "integrity": "sha512-1awkm/O4pQCR9hI2F80HmIOda/L+ogkSL8Arj1k00eue5VLY5ooewhSOyF/cUJE0S+/34uD5EYY3zmd6fu2OCA==",
      "dev": true,
      "requires": {
        "@types/jasmine": "2.8.9"
      }
    },
    "angular-in-memory-web-api": {
      "version": "0.6.1",
      "resolved": "https://registry.npmjs.org/angular-in-memory-web-api/-/angular-in-memory-web-api-0.6.1.tgz",
      "integrity": "sha512-6Fls8XE3UC8NoydpcC82hY3KSRU4dXbGFjs3w+XLReL+Ry8zLeBHb/CZ9F+Kbg1yBH+eKamzd0vLr0+df+yC5g=="
    },
    "app-root-path": {
      "version": "2.1.0",
      "resolved": "https://registry.npmjs.org/app-root-path/-/app-root-path-2.1.0.tgz",
      "integrity": "sha1-mL9lmTJ+zqGZMJhm6BQDaP0uZGo=",
      "dev": true
    },
    "codelyzer": {
      "version": "4.5.0",
      "resolved": "https://registry.npmjs.org/codelyzer/-/codelyzer-4.5.0.tgz",
      "integrity": "sha512-oO6vCkjqsVrEsmh58oNlnJkRXuA30hF8cdNAQV9DytEalDwyOFRvHMnlKFzmOStNerOmPGZU9GAHnBo4tGvtiQ==",
      "dev": true,
      "requires": {
        "app-root-path": "2.1.0",
        "css-selector-tokenizer": "0.7.0",
        "cssauron": "1.4.0",
        "semver-dsl": "1.0.1",
        "source-map": "0.5.7",
        "sprintf-js": "1.1.1"
      }
    },
    "colors": {
      "version": "1.1.2",
      "resolved": "https://registry.npmjs.org/colors/-/colors-1.1.2.tgz",
      "integrity": "sha1-FopHAXVran9RoSzgyXv6KMCE7WM=",
      "dev": true
    },
    "core-js": {
      "version": "2.5.7",
      "resolved": "https://registry.npmjs.org/core-js/-/core-js-2.5.7.tgz",
      "integrity": "sha512-RszJCAxg/PP6uzXVXL6BsxSXx/B05oJAQ2vkJRjyjrEcNVycaqOmNb5OTxZPE3xa5gwZduqza6L9JOCenh/Ecw=="
    },
    "css-selector-tokenizer": {
      "version": "0.7.0",
      "resolved": "https://registry.npmjs.org/css-selector-tokenizer/-/css-selector-tokenizer-0.7.0.tgz",
      "integrity": "sha1-5piEdK6MlTR3v15+/s/OzNnPTIY=",
      "dev": true,
      "requires": {
        "cssesc": "0.1.0",
        "fastparse": "1.1.1",
        "regexpu-core": "1.0.0"
      }
    },
    "cssauron": {
      "version": "1.4.0",
      "resolved": "https://registry.npmjs.org/cssauron/-/cssauron-1.4.0.tgz",
      "integrity": "sha1-pmAt/34EqDBtwNuaVR6S6LVmKtg=",
      "dev": true,
      "requires": {
        "through": "2.3.8"
      }
    },
    "cssesc": {
      "version": "0.1.0",
      "resolved": "https://registry.npmjs.org/cssesc/-/cssesc-0.1.0.tgz",
      "integrity": "sha1-yBSQPkViM3GgR3tAEJqq++6t27Q=",
      "dev": true
    },
    "fastparse": {
      "version": "1.1.1",
      "resolved": "https://registry.npmjs.org/fastparse/-/fastparse-1.1.1.tgz",
      "integrity": "sha1-0eJkOzipTXWDtHkGDmxK/8lAcfg=",
      "dev": true
    },
    "fs-access": {
      "version": "1.0.1",
      "resolved": "https://registry.npmjs.org/fs-access/-/fs-access-1.0.1.tgz",
      "integrity": "sha1-1qh/JiJxzv6+wwxVNAf7mV2od3o=",
      "dev": true,
      "requires": {
        "null-check": "1.0.0"
      }
    },
    "hoek": {
      "version": "5.0.4",
      "resolved": "https://registry.npmjs.org/hoek/-/hoek-5.0.4.tgz",
      "integrity": "sha512-Alr4ZQgoMlnere5FZJsIyfIjORBqZll5POhDsF4q64dPuJR6rNxXdDxtHSQq8OXRurhmx+PWYEE8bXRROY8h0w=="
    },
    "isexe": {
      "version": "2.0.0",
      "resolved": "https://registry.npmjs.org/isexe/-/isexe-2.0.0.tgz",
      "integrity": "sha1-6PvzdNxVb/iUehDcsFctYz8s+hA=",
      "dev": true
    },
    "jasmine-spec-reporter": {
      "version": "4.2.1",
      "resolved": "https://registry.npmjs.org/jasmine-spec-reporter/-/jasmine-spec-reporter-4.2.1.tgz",
      "integrity": "sha512-FZBoZu7VE5nR7Nilzy+Np8KuVIOxF4oXDPDknehCYBDE080EnlPu0afdZNmpGDBRCUBv3mj5qgqCRmk6W/K8vg==",
      "dev": true,
      "requires": {
        "colors": "1.1.2"
      }
    },
    "jsesc": {
      "version": "0.5.0",
      "resolved": "https://registry.npmjs.org/jsesc/-/jsesc-0.5.0.tgz",
      "integrity": "sha1-597mbjXW/Bb3EP6R1c9p9w8IkR0=",
      "dev": true
    },
    "karma-chrome-launcher": {
      "version": "2.2.0",
      "resolved": "https://registry.npmjs.org/karma-chrome-launcher/-/karma-chrome-launcher-2.2.0.tgz",
      "integrity": "sha512-uf/ZVpAabDBPvdPdveyk1EPgbnloPvFFGgmRhYLTDH7gEB4nZdSBk8yTU47w1g/drLSx5uMOkjKk7IWKfWg/+w==",
      "dev": true,
      "requires": {
        "fs-access": "1.0.1",
        "which": "1.3.0"
      }
    },
    "karma-jasmine": {
      "version": "1.1.2",
      "resolved": "https://registry.npmjs.org/karma-jasmine/-/karma-jasmine-1.1.2.tgz",
      "integrity": "sha1-OU8rJf+0pkS5rabyLUQ+L9CIhsM=",
      "dev": true
    },
    "null-check": {
      "version": "1.0.0",
      "resolved": "https://registry.npmjs.org/null-check/-/null-check-1.0.0.tgz",
      "integrity": "sha1-l33/1xdgErnsMNKjnbXPcqBDnt0=",
      "dev": true
    },
    "parse5": {
      "version": "5.1.0",
      "resolved": "https://registry.npmjs.org/parse5/-/parse5-5.1.0.tgz",
      "integrity": "sha512-fxNG2sQjHvlVAYmzBZS9YlDp6PTSSDwa98vkD4QgVDDCAo84z5X1t5XyJQ62ImdLXx5NdIIfihey6xpum9/gRQ==",
      "optional": true
    },
    "regenerate": {
      "version": "1.4.0",
      "resolved": "https://registry.npmjs.org/regenerate/-/regenerate-1.4.0.tgz",
      "integrity": "sha512-1G6jJVDWrt0rK99kBjvEtziZNCICAuvIPkSiUFIQxVP06RCVpq3dmDo2oi6ABpYaDYaTRr67BEhL8r1wgEZZKg==",
      "dev": true
    },
    "regexpu-core": {
      "version": "1.0.0",
      "resolved": "https://registry.npmjs.org/regexpu-core/-/regexpu-core-1.0.0.tgz",
      "integrity": "sha1-hqdj9Y7k18L2sQLkdkBQ3n7ZDGs=",
      "dev": true,
      "requires": {
        "regenerate": "1.4.0",
        "regjsgen": "0.2.0",
        "regjsparser": "0.1.5"
      }
    },
    "regjsgen": {
      "version": "0.2.0",
      "resolved": "https://registry.npmjs.org/regjsgen/-/regjsgen-0.2.0.tgz",
      "integrity": "sha1-bAFq3qxVT3WCP+N6wFuS1aTtsfc=",
      "dev": true
    },
    "regjsparser": {
      "version": "0.1.5",
      "resolved": "https://registry.npmjs.org/regjsparser/-/regjsparser-0.1.5.tgz",
      "integrity": "sha1-fuj4Tcb6eS0/0K4ijSS9lJ6tIFw=",
      "dev": true,
      "requires": {
        "jsesc": "0.5.0"
      }
    },
    "rxjs": {
      "version": "6.3.3",
      "resolved": "https://registry.npmjs.org/rxjs/-/rxjs-6.3.3.tgz",
      "integrity": "sha512-JTWmoY9tWCs7zvIk/CvRjhjGaOd+OVBM987mxFo+OW66cGpdKjZcpmc74ES1sB//7Kl/PAe8+wEakuhG4pcgOw==",
      "requires": {
        "tslib": "1.9.0"
      }
    },
    "semver": {
      "version": "5.6.0",
      "resolved": "https://registry.npmjs.org/semver/-/semver-5.6.0.tgz",
      "integrity": "sha512-RS9R6R35NYgQn++fkDWaOmqGoj4Ek9gGs+DPxNUZKuwE183xjJroKvyo1IzVFeXvUrvmALy6FWD5xrdJT25gMg==",
      "dev": true
    },
    "semver-dsl": {
      "version": "1.0.1",
      "resolved": "https://registry.npmjs.org/semver-dsl/-/semver-dsl-1.0.1.tgz",
      "integrity": "sha1-02eN5VVeimH2Ke7QJTZq5fJzQKA=",
      "dev": true,
      "requires": {
        "semver": "5.6.0"
      }
    },
    "source-map": {
      "version": "0.5.7",
      "resolved": "https://registry.npmjs.org/source-map/-/source-map-0.5.7.tgz",
      "integrity": "sha1-igOdLRAh0i0eoUyA2OpGi6LvP8w=",
      "dev": true
    },
    "sprintf-js": {
      "version": "1.1.1",
      "resolved": "https://registry.npmjs.org/sprintf-js/-/sprintf-js-1.1.1.tgz",
      "integrity": "sha1-Nr54Mgr+WAH2zqPueLblqrlA6gw=",
      "dev": true
    },
    "through": {
      "version": "2.3.8",
      "resolved": "http://registry.npmjs.org/through/-/through-2.3.8.tgz",
      "integrity": "sha1-DdTJ/6q8NXlgsbckEV1+Doai4fU=",
      "dev": true
    },
    "tslib": {
      "version": "1.9.0",
      "resolved": "https://registry.npmjs.org/tslib/-/tslib-1.9.0.tgz",
      "integrity": "sha512-f/qGG2tUkrISBlQZEjEqoZ3B2+npJjIf04H1wuAv9iA8i04Icp+61KRXxFdha22670NJopsZCIjhC3SnjPRKrQ=="
    },
    "which": {
      "version": "1.3.0",
      "resolved": "https://registry.npmjs.org/which/-/which-1.3.0.tgz",
      "integrity": "sha512-xcJpopdamTuY5duC/KnTTNBraPK54YwpenP4lzxU8H91GudWpFv38u0CKjclE1Wi2EH2EDz5LRcHcKbCIzqGyg==",
      "dev": true,
      "requires": {
        "isexe": "2.0.0"
      }
    },
    "zone.js": {
      "version": "0.8.26",
      "resolved": "https://registry.npmjs.org/zone.js/-/zone.js-0.8.26.tgz",
      "integrity": "sha512-W9Nj+UmBJG251wkCacIkETgra4QgBo/vgoEkb4a2uoLzpQG7qF9nzwoLXWU5xj3Fg2mxGvEDh47mg24vXccYjA=="
    }
  }
}
